// !$*UTF8*$!
{
	archiveVersion = 1;
	classes = {
	};
	objectVersion = 46;
	objects = {

/* Begin PBXBuildFile section */
		0772894368524700B4E3C7A4 /* Graphik-Medium.4a127c95.otf in Resources */ = {isa = PBXBuildFile; fileRef = 1AE3B2A576E44D34942C9BB4 /* Graphik-Medium.4a127c95.otf */; };
		13B07FBC1A68108700A75B9A /* AppDelegate.m in Sources */ = {isa = PBXBuildFile; fileRef = 13B07FB01A68108700A75B9A /* AppDelegate.m */; };
		13B07FBD1A68108700A75B9A /* LaunchScreen.xib in Resources */ = {isa = PBXBuildFile; fileRef = 13B07FB11A68108700A75B9A /* LaunchScreen.xib */; };
		13B07FBF1A68108700A75B9A /* Images.xcassets in Resources */ = {isa = PBXBuildFile; fileRef = 13B07FB51A68108700A75B9A /* Images.xcassets */; };
		13B07FC11A68108700A75B9A /* main.m in Sources */ = {isa = PBXBuildFile; fileRef = 13B07FB71A68108700A75B9A /* main.m */; };
		14C760DF150E49CFA4C4259F /* Caveat-Bold.ttf in Resources */ = {isa = PBXBuildFile; fileRef = CBFCFDAB57D5470C962DDABF /* Caveat-Bold.ttf */; };
		2FABD06FFE8B35C7C020B2E6 /* libPods-pin.a in Frameworks */ = {isa = PBXBuildFile; fileRef = 7AFEB21F0F7213904A6C90AC /* libPods-pin.a */; };
		346410AF53DD4C568DBB1EC7 /* rubicon-icon-font.ttf in Resources */ = {isa = PBXBuildFile; fileRef = A579C0B281FE4BDA8DBFD41C /* rubicon-icon-font.ttf */; };
		4CD430222F7B4B56A6FE86F2 /* GothicA1-Regular.ttf in Resources */ = {isa = PBXBuildFile; fileRef = 461D147DE6D74D2D8553D221 /* GothicA1-Regular.ttf */; };
		50514C9478414EDB8C1FF467 /* Quicksand-Light.ttf in Resources */ = {isa = PBXBuildFile; fileRef = 57CD408F52CD4C859B41B543 /* Quicksand-Light.ttf */; };
		5163659EF16D4CAF9C6702DA /* GothicA1-Medium.ttf in Resources */ = {isa = PBXBuildFile; fileRef = ACA2EF1C0F75472BB76591B4 /* GothicA1-Medium.ttf */; };
		536273B0AF1B40A09773CC8F /* Graphik-Bold.8a604ed5.otf in Resources */ = {isa = PBXBuildFile; fileRef = 604796E530C24285B35403A8 /* Graphik-Bold.8a604ed5.otf */; };
		6FF114D8E26A43F9B9E80CDB /* Quicksand-Bold.ttf in Resources */ = {isa = PBXBuildFile; fileRef = 2F3AAAD703E94C5984BD09AF /* Quicksand-Bold.ttf */; };
		766094649D3A478DACD238DF /* Caveat-Regular.ttf in Resources */ = {isa = PBXBuildFile; fileRef = 4A2AE7CC66394C13964E4BCB /* Caveat-Regular.ttf */; };
		7AC89525C04F408CA7125453 /* GothicA1-ExtraBold.ttf in Resources */ = {isa = PBXBuildFile; fileRef = 26DC17E763EB486D9C7E3FEB /* GothicA1-ExtraBold.ttf */; };
		7CC929B1B3514284AC3834CE /* GothicA1-Thin.ttf in Resources */ = {isa = PBXBuildFile; fileRef = 887865784A114CB1A63DBD83 /* GothicA1-Thin.ttf */; };
		83B75640DAB54FC8ACEB93E1 /* Quicksand-Medium.ttf in Resources */ = {isa = PBXBuildFile; fileRef = 6854A5BDEB7245AE8930BCE2 /* Quicksand-Medium.ttf */; };
		8B3C270980D44628A8DECCDF /* Graphik-Regular.e2a1876e.otf in Resources */ = {isa = PBXBuildFile; fileRef = 6A87CE1140E44BF08DEEF207 /* Graphik-Regular.e2a1876e.otf */; };
		955FB4559FF9468EB7E8CC3E /* Roboto_medium.ttf in Resources */ = {isa = PBXBuildFile; fileRef = 571C2194E94E467592826F81 /* Roboto_medium.ttf */; };
		9683AE5F9BCB4284B0AF33CA /* Roboto.ttf in Resources */ = {isa = PBXBuildFile; fileRef = 9E2E0465F10C422294D14BBD /* Roboto.ttf */; };
		ADF2AB89E12042C2BF2A04B4 /* GothicA1-Bold.ttf in Resources */ = {isa = PBXBuildFile; fileRef = 19B67120F5BD445890F19758 /* GothicA1-Bold.ttf */; };
		AE70B7D026264732A079E834 /* Graphik-Semibold.99c54fc5.otf in Resources */ = {isa = PBXBuildFile; fileRef = 0A95C42BA51C4252A8081C25 /* Graphik-Semibold.99c54fc5.otf */; };
		C03EED0276A14491BB267E64 /* Quicksand-Regular.ttf in Resources */ = {isa = PBXBuildFile; fileRef = 7E6500A8CD4247B8ABE7064E /* Quicksand-Regular.ttf */; };
		C54FCAFC491A44BAA6DA566B /* GothicA1-Light.ttf in Resources */ = {isa = PBXBuildFile; fileRef = 1FA5CFFE78F5417FB8D3E12A /* GothicA1-Light.ttf */; };
		D19AF3851B214EF194F6FC49 /* GothicA1-SemiBold.ttf in Resources */ = {isa = PBXBuildFile; fileRef = 9992FE48CC6F4AF69F3B3FB5 /* GothicA1-SemiBold.ttf */; };
		D59D934422E5C25D00535797 /* external in Resources */ = {isa = PBXBuildFile; fileRef = D59D934322E5C25D00535797 /* external */; };
		D59D939D22E5CDB300535797 /* bamboo.mp3 in Resources */ = {isa = PBXBuildFile; fileRef = D59D936D22E5CDB300535797 /* bamboo.mp3 */; };
		D5BA6C1B2315A6EF00E7D4EF /* JavaScriptCore.framework in Frameworks */ = {isa = PBXBuildFile; fileRef = D5BA6BE32315A6EE00E7D4EF /* JavaScriptCore.framework */; };
		D875353F5FC74D4AB33865DE /* GothicA1-ExtraLight.ttf in Resources */ = {isa = PBXBuildFile; fileRef = E08F7189CF8F4EB88813D03A /* GothicA1-ExtraLight.ttf */; };
		F969D9396688487791A36B25 /* GothicA1-Black.ttf in Resources */ = {isa = PBXBuildFile; fileRef = FB6556C2016B4477A1D9214C /* GothicA1-Black.ttf */; };
/* End PBXBuildFile section */

/* Begin PBXFileReference section */
		008F07F21AC5B25A0029DE68 /* main.jsbundle */ = {isa = PBXFileReference; fileEncoding = 4; lastKnownFileType = text; path = main.jsbundle; sourceTree = "<group>"; };
		00E356F11AD99517003FC87E /* Info.plist */ = {isa = PBXFileReference; lastKnownFileType = text.plist.xml; path = Info.plist; sourceTree = "<group>"; };
		00E356F21AD99517003FC87E /* pinTests.m */ = {isa = PBXFileReference; lastKnownFileType = sourcecode.c.objc; path = pinTests.m; sourceTree = "<group>"; };
		0A95C42BA51C4252A8081C25 /* Graphik-Semibold.99c54fc5.otf */ = {isa = PBXFileReference; explicitFileType = undefined; fileEncoding = 9; includeInIndex = 0; lastKnownFileType = unknown; name = "Graphik-Semibold.99c54fc5.otf"; path = "../src/assets/fonts/Graphik/Graphik-Semibold.99c54fc5.otf"; sourceTree = "<group>"; };
		13B07F961A680F5B00A75B9A /* Ecosystem.app */ = {isa = PBXFileReference; explicitFileType = wrapper.application; includeInIndex = 0; path = Ecosystem.app; sourceTree = BUILT_PRODUCTS_DIR; };
		13B07FAF1A68108700A75B9A /* AppDelegate.h */ = {isa = PBXFileReference; fileEncoding = 4; lastKnownFileType = sourcecode.c.h; name = AppDelegate.h; path = pin/AppDelegate.h; sourceTree = "<group>"; };
		13B07FB01A68108700A75B9A /* AppDelegate.m */ = {isa = PBXFileReference; fileEncoding = 4; lastKnownFileType = sourcecode.c.objc; name = AppDelegate.m; path = pin/AppDelegate.m; sourceTree = "<group>"; };
		13B07FB21A68108700A75B9A /* Base */ = {isa = PBXFileReference; lastKnownFileType = file.xib; name = Base; path = Base.lproj/LaunchScreen.xib; sourceTree = "<group>"; };
		13B07FB51A68108700A75B9A /* Images.xcassets */ = {isa = PBXFileReference; lastKnownFileType = folder.assetcatalog; name = Images.xcassets; path = pin/Images.xcassets; sourceTree = "<group>"; };
		13B07FB61A68108700A75B9A /* Info.plist */ = {isa = PBXFileReference; fileEncoding = 4; lastKnownFileType = text.plist.xml; name = Info.plist; path = pin/Info.plist; sourceTree = "<group>"; };
		13B07FB71A68108700A75B9A /* main.m */ = {isa = PBXFileReference; fileEncoding = 4; lastKnownFileType = sourcecode.c.objc; name = main.m; path = pin/main.m; sourceTree = "<group>"; };
		19B67120F5BD445890F19758 /* GothicA1-Bold.ttf */ = {isa = PBXFileReference; explicitFileType = undefined; fileEncoding = 9; includeInIndex = 0; lastKnownFileType = unknown; name = "GothicA1-Bold.ttf"; path = "../src/assets/fonts/Gothic_A1/GothicA1-Bold.ttf"; sourceTree = "<group>"; };
		1AE3B2A576E44D34942C9BB4 /* Graphik-Medium.4a127c95.otf */ = {isa = PBXFileReference; explicitFileType = undefined; fileEncoding = 9; includeInIndex = 0; lastKnownFileType = unknown; name = "Graphik-Medium.4a127c95.otf"; path = "../src/assets/fonts/Graphik/Graphik-Medium.4a127c95.otf"; sourceTree = "<group>"; };
		1FA5CFFE78F5417FB8D3E12A /* GothicA1-Light.ttf */ = {isa = PBXFileReference; explicitFileType = undefined; fileEncoding = 9; includeInIndex = 0; lastKnownFileType = unknown; name = "GothicA1-Light.ttf"; path = "../src/assets/fonts/Gothic_A1/GothicA1-Light.ttf"; sourceTree = "<group>"; };
		26DC17E763EB486D9C7E3FEB /* GothicA1-ExtraBold.ttf */ = {isa = PBXFileReference; explicitFileType = undefined; fileEncoding = 9; includeInIndex = 0; lastKnownFileType = unknown; name = "GothicA1-ExtraBold.ttf"; path = "../src/assets/fonts/Gothic_A1/GothicA1-ExtraBold.ttf"; sourceTree = "<group>"; };
		2D16E6891FA4F8E400B85C8A /* libReact.a */ = {isa = PBXFileReference; explicitFileType = archive.ar; path = libReact.a; sourceTree = BUILT_PRODUCTS_DIR; };
		2F3AAAD703E94C5984BD09AF /* Quicksand-Bold.ttf */ = {isa = PBXFileReference; explicitFileType = undefined; fileEncoding = 9; includeInIndex = 0; lastKnownFileType = unknown; name = "Quicksand-Bold.ttf"; path = "../src/assets/fonts/Quicksand/Quicksand-Bold.ttf"; sourceTree = "<group>"; };
		3556C74D872651A8BB36C27B /* Pods-pin.debug.xcconfig */ = {isa = PBXFileReference; includeInIndex = 1; lastKnownFileType = text.xcconfig; name = "Pods-pin.debug.xcconfig"; path = "Pods/Target Support Files/Pods-pin/Pods-pin.debug.xcconfig"; sourceTree = "<group>"; };
		461D147DE6D74D2D8553D221 /* GothicA1-Regular.ttf */ = {isa = PBXFileReference; explicitFileType = undefined; fileEncoding = 9; includeInIndex = 0; lastKnownFileType = unknown; name = "GothicA1-Regular.ttf"; path = "../src/assets/fonts/Gothic_A1/GothicA1-Regular.ttf"; sourceTree = "<group>"; };
		4A2AE7CC66394C13964E4BCB /* Caveat-Regular.ttf */ = {isa = PBXFileReference; explicitFileType = undefined; fileEncoding = 9; includeInIndex = 0; lastKnownFileType = unknown; name = "Caveat-Regular.ttf"; path = "../src/assets/fonts/Caveat/Caveat-Regular.ttf"; sourceTree = "<group>"; };
		530C26ECE106C63292CA35F2 /* Pods-pinTests.debug.xcconfig */ = {isa = PBXFileReference; includeInIndex = 1; lastKnownFileType = text.xcconfig; name = "Pods-pinTests.debug.xcconfig"; path = "Pods/Target Support Files/Pods-pinTests/Pods-pinTests.debug.xcconfig"; sourceTree = "<group>"; };
		571C2194E94E467592826F81 /* Roboto_medium.ttf */ = {isa = PBXFileReference; explicitFileType = undefined; fileEncoding = 9; includeInIndex = 0; lastKnownFileType = unknown; name = Roboto_medium.ttf; path = "../node_modules/native-base/Fonts/Roboto_medium.ttf"; sourceTree = "<group>"; };
		57CD408F52CD4C859B41B543 /* Quicksand-Light.ttf */ = {isa = PBXFileReference; explicitFileType = undefined; fileEncoding = 9; includeInIndex = 0; lastKnownFileType = unknown; name = "Quicksand-Light.ttf"; path = "../src/assets/fonts/Quicksand/Quicksand-Light.ttf"; sourceTree = "<group>"; };
		59B93DC289BD66750D885CB7 /* libPods-pin-tvOSTests.a */ = {isa = PBXFileReference; explicitFileType = archive.ar; includeInIndex = 0; path = "libPods-pin-tvOSTests.a"; sourceTree = BUILT_PRODUCTS_DIR; };
		604796E530C24285B35403A8 /* Graphik-Bold.8a604ed5.otf */ = {isa = PBXFileReference; explicitFileType = undefined; fileEncoding = 9; includeInIndex = 0; lastKnownFileType = unknown; name = "Graphik-Bold.8a604ed5.otf"; path = "../src/assets/fonts/Graphik/Graphik-Bold.8a604ed5.otf"; sourceTree = "<group>"; };
		6854A5BDEB7245AE8930BCE2 /* Quicksand-Medium.ttf */ = {isa = PBXFileReference; explicitFileType = undefined; fileEncoding = 9; includeInIndex = 0; lastKnownFileType = unknown; name = "Quicksand-Medium.ttf"; path = "../src/assets/fonts/Quicksand/Quicksand-Medium.ttf"; sourceTree = "<group>"; };
		6A142DE2C6B844F595D480D9 /* libFastImage-tvOS.a */ = {isa = PBXFileReference; explicitFileType = undefined; fileEncoding = 9; includeInIndex = 0; lastKnownFileType = archive.ar; path = "libFastImage-tvOS.a"; sourceTree = "<group>"; };
		6A87CE1140E44BF08DEEF207 /* Graphik-Regular.e2a1876e.otf */ = {isa = PBXFileReference; explicitFileType = undefined; fileEncoding = 9; includeInIndex = 0; lastKnownFileType = unknown; name = "Graphik-Regular.e2a1876e.otf"; path = "../src/assets/fonts/Graphik/Graphik-Regular.e2a1876e.otf"; sourceTree = "<group>"; };
		6D27488EBDC81058A1D832AB /* Pods-pin-tvOSTests.release.xcconfig */ = {isa = PBXFileReference; includeInIndex = 1; lastKnownFileType = text.xcconfig; name = "Pods-pin-tvOSTests.release.xcconfig"; path = "Pods/Target Support Files/Pods-pin-tvOSTests/Pods-pin-tvOSTests.release.xcconfig"; sourceTree = "<group>"; };
		6D9558B0840E0AF4CAE8D465 /* libPods-pinTests.a */ = {isa = PBXFileReference; explicitFileType = archive.ar; includeInIndex = 0; path = "libPods-pinTests.a"; sourceTree = BUILT_PRODUCTS_DIR; };
		7AFEB21F0F7213904A6C90AC /* libPods-pin.a */ = {isa = PBXFileReference; explicitFileType = archive.ar; includeInIndex = 0; path = "libPods-pin.a"; sourceTree = BUILT_PRODUCTS_DIR; };
		7E6500A8CD4247B8ABE7064E /* Quicksand-Regular.ttf */ = {isa = PBXFileReference; explicitFileType = undefined; fileEncoding = 9; includeInIndex = 0; lastKnownFileType = unknown; name = "Quicksand-Regular.ttf"; path = "../src/assets/fonts/Quicksand/Quicksand-Regular.ttf"; sourceTree = "<group>"; };
		83950A052367AA92D12B625D /* Pods-pin.release.xcconfig */ = {isa = PBXFileReference; includeInIndex = 1; lastKnownFileType = text.xcconfig; name = "Pods-pin.release.xcconfig"; path = "Pods/Target Support Files/Pods-pin/Pods-pin.release.xcconfig"; sourceTree = "<group>"; };
		887865784A114CB1A63DBD83 /* GothicA1-Thin.ttf */ = {isa = PBXFileReference; explicitFileType = undefined; fileEncoding = 9; includeInIndex = 0; lastKnownFileType = unknown; name = "GothicA1-Thin.ttf"; path = "../src/assets/fonts/Gothic_A1/GothicA1-Thin.ttf"; sourceTree = "<group>"; };
		9992FE48CC6F4AF69F3B3FB5 /* GothicA1-SemiBold.ttf */ = {isa = PBXFileReference; explicitFileType = undefined; fileEncoding = 9; includeInIndex = 0; lastKnownFileType = unknown; name = "GothicA1-SemiBold.ttf"; path = "../src/assets/fonts/Gothic_A1/GothicA1-SemiBold.ttf"; sourceTree = "<group>"; };
		9A0331E78FF575A8655F8381 /* Pods-pin-tvOS.release.xcconfig */ = {isa = PBXFileReference; includeInIndex = 1; lastKnownFileType = text.xcconfig; name = "Pods-pin-tvOS.release.xcconfig"; path = "Pods/Target Support Files/Pods-pin-tvOS/Pods-pin-tvOS.release.xcconfig"; sourceTree = "<group>"; };
		9E2E0465F10C422294D14BBD /* Roboto.ttf */ = {isa = PBXFileReference; explicitFileType = undefined; fileEncoding = 9; includeInIndex = 0; lastKnownFileType = unknown; name = Roboto.ttf; path = "../node_modules/native-base/Fonts/Roboto.ttf"; sourceTree = "<group>"; };
		A579C0B281FE4BDA8DBFD41C /* rubicon-icon-font.ttf */ = {isa = PBXFileReference; explicitFileType = undefined; fileEncoding = 9; includeInIndex = 0; lastKnownFileType = unknown; name = "rubicon-icon-font.ttf"; path = "../node_modules/native-base/Fonts/rubicon-icon-font.ttf"; sourceTree = "<group>"; };
		A9AB780503091DC2B21A0B38 /* Pods-pinTests.release.xcconfig */ = {isa = PBXFileReference; includeInIndex = 1; lastKnownFileType = text.xcconfig; name = "Pods-pinTests.release.xcconfig"; path = "Pods/Target Support Files/Pods-pinTests/Pods-pinTests.release.xcconfig"; sourceTree = "<group>"; };
		ACA2EF1C0F75472BB76591B4 /* GothicA1-Medium.ttf */ = {isa = PBXFileReference; explicitFileType = undefined; fileEncoding = 9; includeInIndex = 0; lastKnownFileType = unknown; name = "GothicA1-Medium.ttf"; path = "../src/assets/fonts/Gothic_A1/GothicA1-Medium.ttf"; sourceTree = "<group>"; };
		AE64F4955850CE05E29AD4E1 /* Pods-pin-tvOSTests.debug.xcconfig */ = {isa = PBXFileReference; includeInIndex = 1; lastKnownFileType = text.xcconfig; name = "Pods-pin-tvOSTests.debug.xcconfig"; path = "Pods/Target Support Files/Pods-pin-tvOSTests/Pods-pin-tvOSTests.debug.xcconfig"; sourceTree = "<group>"; };
		B9641ABABE6C7CA786E21CE2 /* Pods-pin-tvOS.debug.xcconfig */ = {isa = PBXFileReference; includeInIndex = 1; lastKnownFileType = text.xcconfig; name = "Pods-pin-tvOS.debug.xcconfig"; path = "Pods/Target Support Files/Pods-pin-tvOS/Pods-pin-tvOS.debug.xcconfig"; sourceTree = "<group>"; };
		CBFCFDAB57D5470C962DDABF /* Caveat-Bold.ttf */ = {isa = PBXFileReference; explicitFileType = undefined; fileEncoding = 9; includeInIndex = 0; lastKnownFileType = unknown; name = "Caveat-Bold.ttf"; path = "../src/assets/fonts/Caveat/Caveat-Bold.ttf"; sourceTree = "<group>"; };
		CF7386A5187836FED4870CE2 /* libPods-pin-tvOS.a */ = {isa = PBXFileReference; explicitFileType = archive.ar; includeInIndex = 0; path = "libPods-pin-tvOS.a"; sourceTree = BUILT_PRODUCTS_DIR; };
		D59D934322E5C25D00535797 /* external */ = {isa = PBXFileReference; lastKnownFileType = folder; path = external; sourceTree = "<group>"; };
		D59D936D22E5CDB300535797 /* bamboo.mp3 */ = {isa = PBXFileReference; lastKnownFileType = audio.mp3; path = bamboo.mp3; sourceTree = "<group>"; };
		D59D939E22E5D02600535797 /* pin.entitlements */ = {isa = PBXFileReference; lastKnownFileType = text.plist.entitlements; name = pin.entitlements; path = pin/pin.entitlements; sourceTree = "<group>"; };
		D5BA6BE32315A6EE00E7D4EF /* JavaScriptCore.framework */ = {isa = PBXFileReference; lastKnownFileType = wrapper.framework; name = JavaScriptCore.framework; path = System/Library/Frameworks/JavaScriptCore.framework; sourceTree = SDKROOT; };
		E08F7189CF8F4EB88813D03A /* GothicA1-ExtraLight.ttf */ = {isa = PBXFileReference; explicitFileType = undefined; fileEncoding = 9; includeInIndex = 0; lastKnownFileType = unknown; name = "GothicA1-ExtraLight.ttf"; path = "../src/assets/fonts/Gothic_A1/GothicA1-ExtraLight.ttf"; sourceTree = "<group>"; };
		ED031EB67F1040A7A4E46718 /* libFastImage.a */ = {isa = PBXFileReference; explicitFileType = undefined; fileEncoding = 9; includeInIndex = 0; lastKnownFileType = archive.ar; path = libFastImage.a; sourceTree = "<group>"; };
		FB6556C2016B4477A1D9214C /* GothicA1-Black.ttf */ = {isa = PBXFileReference; explicitFileType = undefined; fileEncoding = 9; includeInIndex = 0; lastKnownFileType = unknown; name = "GothicA1-Black.ttf"; path = "../src/assets/fonts/Gothic_A1/GothicA1-Black.ttf"; sourceTree = "<group>"; };
/* End PBXFileReference section */

/* Begin PBXFrameworksBuildPhase section */
		13B07F8C1A680F5B00A75B9A /* Frameworks */ = {
			isa = PBXFrameworksBuildPhase;
			buildActionMask = 2147483647;
			files = (
				D5BA6C1B2315A6EF00E7D4EF /* JavaScriptCore.framework in Frameworks */,
				2FABD06FFE8B35C7C020B2E6 /* libPods-pin.a in Frameworks */,
			);
			runOnlyForDeploymentPostprocessing = 0;
		};
/* End PBXFrameworksBuildPhase section */

/* Begin PBXGroup section */
		00E356EF1AD99517003FC87E /* pinTests */ = {
			isa = PBXGroup;
			children = (
				00E356F21AD99517003FC87E /* pinTests.m */,
				00E356F01AD99517003FC87E /* Supporting Files */,
			);
			path = pinTests;
			sourceTree = "<group>";
		};
		00E356F01AD99517003FC87E /* Supporting Files */ = {
			isa = PBXGroup;
			children = (
				00E356F11AD99517003FC87E /* Info.plist */,
			);
			name = "Supporting Files";
			sourceTree = "<group>";
		};
		13B07FAE1A68108700A75B9A /* pin */ = {
			isa = PBXGroup;
			children = (
				D59D939E22E5D02600535797 /* pin.entitlements */,
				D59D936D22E5CDB300535797 /* bamboo.mp3 */,
				D59D934322E5C25D00535797 /* external */,
				008F07F21AC5B25A0029DE68 /* main.jsbundle */,
				13B07FAF1A68108700A75B9A /* AppDelegate.h */,
				13B07FB01A68108700A75B9A /* AppDelegate.m */,
				13B07FB51A68108700A75B9A /* Images.xcassets */,
				13B07FB61A68108700A75B9A /* Info.plist */,
				13B07FB11A68108700A75B9A /* LaunchScreen.xib */,
				13B07FB71A68108700A75B9A /* main.m */,
			);
			name = pin;
			sourceTree = "<group>";
		};
		293E5C18879A4241A9C5F1D7 /* Resources */ = {
			isa = PBXGroup;
			children = (
				CBFCFDAB57D5470C962DDABF /* Caveat-Bold.ttf */,
				4A2AE7CC66394C13964E4BCB /* Caveat-Regular.ttf */,
				2F3AAAD703E94C5984BD09AF /* Quicksand-Bold.ttf */,
				57CD408F52CD4C859B41B543 /* Quicksand-Light.ttf */,
				6854A5BDEB7245AE8930BCE2 /* Quicksand-Medium.ttf */,
				7E6500A8CD4247B8ABE7064E /* Quicksand-Regular.ttf */,
				604796E530C24285B35403A8 /* Graphik-Bold.8a604ed5.otf */,
				1AE3B2A576E44D34942C9BB4 /* Graphik-Medium.4a127c95.otf */,
				6A87CE1140E44BF08DEEF207 /* Graphik-Regular.e2a1876e.otf */,
				0A95C42BA51C4252A8081C25 /* Graphik-Semibold.99c54fc5.otf */,
				571C2194E94E467592826F81 /* Roboto_medium.ttf */,
				9E2E0465F10C422294D14BBD /* Roboto.ttf */,
				A579C0B281FE4BDA8DBFD41C /* rubicon-icon-font.ttf */,
				FB6556C2016B4477A1D9214C /* GothicA1-Black.ttf */,
				19B67120F5BD445890F19758 /* GothicA1-Bold.ttf */,
				26DC17E763EB486D9C7E3FEB /* GothicA1-ExtraBold.ttf */,
				E08F7189CF8F4EB88813D03A /* GothicA1-ExtraLight.ttf */,
				1FA5CFFE78F5417FB8D3E12A /* GothicA1-Light.ttf */,
				ACA2EF1C0F75472BB76591B4 /* GothicA1-Medium.ttf */,
				461D147DE6D74D2D8553D221 /* GothicA1-Regular.ttf */,
				9992FE48CC6F4AF69F3B3FB5 /* GothicA1-SemiBold.ttf */,
				887865784A114CB1A63DBD83 /* GothicA1-Thin.ttf */,
			);
			name = Resources;
			sourceTree = "<group>";
		};
		2D16E6871FA4F8E400B85C8A /* Frameworks */ = {
			isa = PBXGroup;
			children = (
				D5BA6BE32315A6EE00E7D4EF /* JavaScriptCore.framework */,
				2D16E6891FA4F8E400B85C8A /* libReact.a */,
				7AFEB21F0F7213904A6C90AC /* libPods-pin.a */,
				CF7386A5187836FED4870CE2 /* libPods-pin-tvOS.a */,
				59B93DC289BD66750D885CB7 /* libPods-pin-tvOSTests.a */,
				6D9558B0840E0AF4CAE8D465 /* libPods-pinTests.a */,
			);
			name = Frameworks;
			sourceTree = "<group>";
		};
		832341AE1AAA6A7D00B99B32 /* Libraries */ = {
			isa = PBXGroup;
			children = (
			);
			name = Libraries;
			sourceTree = "<group>";
		};
		83CBB9F61A601CBA00E9B192 = {
			isa = PBXGroup;
			children = (
				13B07FAE1A68108700A75B9A /* pin */,
				832341AE1AAA6A7D00B99B32 /* Libraries */,
				00E356EF1AD99517003FC87E /* pinTests */,
				83CBBA001A601CBA00E9B192 /* Products */,
				2D16E6871FA4F8E400B85C8A /* Frameworks */,
				293E5C18879A4241A9C5F1D7 /* Resources */,
				D59D92EB22E5BE8800535797 /* Recovered References */,
				FA51FB4FA79941E17B72DBC9 /* Pods */,
			);
			indentWidth = 2;
			sourceTree = "<group>";
			tabWidth = 2;
			usesTabs = 0;
		};
		83CBBA001A601CBA00E9B192 /* Products */ = {
			isa = PBXGroup;
			children = (
				13B07F961A680F5B00A75B9A /* Ecosystem.app */,
			);
			name = Products;
			sourceTree = "<group>";
		};
		D59D92EB22E5BE8800535797 /* Recovered References */ = {
			isa = PBXGroup;
			children = (
				ED031EB67F1040A7A4E46718 /* libFastImage.a */,
				6A142DE2C6B844F595D480D9 /* libFastImage-tvOS.a */,
			);
			name = "Recovered References";
			sourceTree = "<group>";
		};
		FA51FB4FA79941E17B72DBC9 /* Pods */ = {
			isa = PBXGroup;
			children = (
				3556C74D872651A8BB36C27B /* Pods-pin.debug.xcconfig */,
				83950A052367AA92D12B625D /* Pods-pin.release.xcconfig */,
				B9641ABABE6C7CA786E21CE2 /* Pods-pin-tvOS.debug.xcconfig */,
				9A0331E78FF575A8655F8381 /* Pods-pin-tvOS.release.xcconfig */,
				AE64F4955850CE05E29AD4E1 /* Pods-pin-tvOSTests.debug.xcconfig */,
				6D27488EBDC81058A1D832AB /* Pods-pin-tvOSTests.release.xcconfig */,
				530C26ECE106C63292CA35F2 /* Pods-pinTests.debug.xcconfig */,
				A9AB780503091DC2B21A0B38 /* Pods-pinTests.release.xcconfig */,
			);
			name = Pods;
			sourceTree = "<group>";
		};
/* End PBXGroup section */

/* Begin PBXNativeTarget section */
		13B07F861A680F5B00A75B9A /* pin */ = {
			isa = PBXNativeTarget;
			buildConfigurationList = 13B07F931A680F5B00A75B9A /* Build configuration list for PBXNativeTarget "pin" */;
			buildPhases = (
				5B335BC68E5A06BBE260686A /* [CP] Check Pods Manifest.lock */,
				13B07F871A680F5B00A75B9A /* Sources */,
				13B07F8C1A680F5B00A75B9A /* Frameworks */,
				13B07F8E1A680F5B00A75B9A /* Resources */,
				00DD1BFF1BD5951E006B06BC /* Bundle React Native code and images */,
				E93F41D55E1A4A89A560CB18 /* [CP] Embed Pods Frameworks */,
				8CA728791EEA857F8192470A /* [CP] Copy Pods Resources */,
			);
			buildRules = (
			);
			dependencies = (
			);
			name = pin;
			productName = "Hello World";
			productReference = 13B07F961A680F5B00A75B9A /* Ecosystem.app */;
			productType = "com.apple.product-type.application";
		};
/* End PBXNativeTarget section */

/* Begin PBXProject section */
		83CBB9F71A601CBA00E9B192 /* Project object */ = {
			isa = PBXProject;
			attributes = {
				LastUpgradeCheck = 940;
				ORGANIZATIONNAME = Facebook;
				TargetAttributes = {
					13B07F861A680F5B00A75B9A = {
						DevelopmentTeam = 2H8YQTR9TX;
						ProvisioningStyle = Manual;
						SystemCapabilities = {
							com.apple.BackgroundModes = {
								enabled = 1;
							};
							com.apple.Push = {
								enabled = 1;
							};
						};
					};
				};
			};
			buildConfigurationList = 83CBB9FA1A601CBA00E9B192 /* Build configuration list for PBXProject "pin" */;
			compatibilityVersion = "Xcode 3.2";
			developmentRegion = English;
			hasScannedForEncodings = 0;
			knownRegions = (
				English,
				en,
				Base,
			);
			mainGroup = 83CBB9F61A601CBA00E9B192;
			productRefGroup = 83CBBA001A601CBA00E9B192 /* Products */;
			projectDirPath = "";
			projectRoot = "";
			targets = (
				13B07F861A680F5B00A75B9A /* pin */,
			);
		};
/* End PBXProject section */

/* Begin PBXResourcesBuildPhase section */
		13B07F8E1A680F5B00A75B9A /* Resources */ = {
			isa = PBXResourcesBuildPhase;
			buildActionMask = 2147483647;
			files = (
				13B07FBF1A68108700A75B9A /* Images.xcassets in Resources */,
				13B07FBD1A68108700A75B9A /* LaunchScreen.xib in Resources */,
				14C760DF150E49CFA4C4259F /* Caveat-Bold.ttf in Resources */,
				766094649D3A478DACD238DF /* Caveat-Regular.ttf in Resources */,
				6FF114D8E26A43F9B9E80CDB /* Quicksand-Bold.ttf in Resources */,
				50514C9478414EDB8C1FF467 /* Quicksand-Light.ttf in Resources */,
				83B75640DAB54FC8ACEB93E1 /* Quicksand-Medium.ttf in Resources */,
				C03EED0276A14491BB267E64 /* Quicksand-Regular.ttf in Resources */,
				536273B0AF1B40A09773CC8F /* Graphik-Bold.8a604ed5.otf in Resources */,
				0772894368524700B4E3C7A4 /* Graphik-Medium.4a127c95.otf in Resources */,
				8B3C270980D44628A8DECCDF /* Graphik-Regular.e2a1876e.otf in Resources */,
				AE70B7D026264732A079E834 /* Graphik-Semibold.99c54fc5.otf in Resources */,
				D59D939D22E5CDB300535797 /* bamboo.mp3 in Resources */,
				955FB4559FF9468EB7E8CC3E /* Roboto_medium.ttf in Resources */,
				9683AE5F9BCB4284B0AF33CA /* Roboto.ttf in Resources */,
				346410AF53DD4C568DBB1EC7 /* rubicon-icon-font.ttf in Resources */,
				D59D934422E5C25D00535797 /* external in Resources */,
				F969D9396688487791A36B25 /* GothicA1-Black.ttf in Resources */,
				ADF2AB89E12042C2BF2A04B4 /* GothicA1-Bold.ttf in Resources */,
				7AC89525C04F408CA7125453 /* GothicA1-ExtraBold.ttf in Resources */,
				D875353F5FC74D4AB33865DE /* GothicA1-ExtraLight.ttf in Resources */,
				C54FCAFC491A44BAA6DA566B /* GothicA1-Light.ttf in Resources */,
				5163659EF16D4CAF9C6702DA /* GothicA1-Medium.ttf in Resources */,
				4CD430222F7B4B56A6FE86F2 /* GothicA1-Regular.ttf in Resources */,
				D19AF3851B214EF194F6FC49 /* GothicA1-SemiBold.ttf in Resources */,
				7CC929B1B3514284AC3834CE /* GothicA1-Thin.ttf in Resources */,
			);
			runOnlyForDeploymentPostprocessing = 0;
		};
/* End PBXResourcesBuildPhase section */

/* Begin PBXShellScriptBuildPhase section */
		00DD1BFF1BD5951E006B06BC /* Bundle React Native code and images */ = {
			isa = PBXShellScriptBuildPhase;
			buildActionMask = 2147483647;
			files = (
			);
			inputPaths = (
			);
			name = "Bundle React Native code and images";
			outputPaths = (
			);
			runOnlyForDeploymentPostprocessing = 0;
			shellPath = /bin/sh;
			shellScript = "export NODE_BINARY=node\n../node_modules/react-native/scripts/react-native-xcode.sh\n";
		};
		5B335BC68E5A06BBE260686A /* [CP] Check Pods Manifest.lock */ = {
			isa = PBXShellScriptBuildPhase;
			buildActionMask = 2147483647;
			files = (
			);
			inputPaths = (
				"${PODS_PODFILE_DIR_PATH}/Podfile.lock",
				"${PODS_ROOT}/Manifest.lock",
			);
			name = "[CP] Check Pods Manifest.lock";
			outputPaths = (
				"$(DERIVED_FILE_DIR)/Pods-pin-checkManifestLockResult.txt",
			);
			runOnlyForDeploymentPostprocessing = 0;
			shellPath = /bin/sh;
			shellScript = "diff \"${PODS_PODFILE_DIR_PATH}/Podfile.lock\" \"${PODS_ROOT}/Manifest.lock\" > /dev/null\nif [ $? != 0 ] ; then\n    # print error to STDERR\n    echo \"error: The sandbox is not in sync with the Podfile.lock. Run 'pod install' or update your CocoaPods installation.\" >&2\n    exit 1\nfi\n# This output is used by Xcode 'outputs' to avoid re-running this script phase.\necho \"SUCCESS\" > \"${SCRIPT_OUTPUT_FILE_0}\"\n";
			showEnvVarsInLog = 0;
		};
		8CA728791EEA857F8192470A /* [CP] Copy Pods Resources */ = {
			isa = PBXShellScriptBuildPhase;
			buildActionMask = 2147483647;
			files = (
			);
			inputPaths = (
				"${SRCROOT}/Pods/Target Support Files/Pods-pin/Pods-pin-resources.sh",
				"${PODS_ROOT}/../../node_modules/react-native-vector-icons/Fonts/AntDesign.ttf",
				"${PODS_ROOT}/../../node_modules/react-native-vector-icons/Fonts/Entypo.ttf",
				"${PODS_ROOT}/../../node_modules/react-native-vector-icons/Fonts/EvilIcons.ttf",
				"${PODS_ROOT}/../../node_modules/react-native-vector-icons/Fonts/Feather.ttf",
				"${PODS_ROOT}/../../node_modules/react-native-vector-icons/Fonts/FontAwesome.ttf",
				"${PODS_ROOT}/../../node_modules/react-native-vector-icons/Fonts/FontAwesome5_Brands.ttf",
				"${PODS_ROOT}/../../node_modules/react-native-vector-icons/Fonts/FontAwesome5_Regular.ttf",
				"${PODS_ROOT}/../../node_modules/react-native-vector-icons/Fonts/FontAwesome5_Solid.ttf",
				"${PODS_ROOT}/../../node_modules/react-native-vector-icons/Fonts/Foundation.ttf",
				"${PODS_ROOT}/../../node_modules/react-native-vector-icons/Fonts/Ionicons.ttf",
				"${PODS_ROOT}/../../node_modules/react-native-vector-icons/Fonts/MaterialCommunityIcons.ttf",
				"${PODS_ROOT}/../../node_modules/react-native-vector-icons/Fonts/MaterialIcons.ttf",
				"${PODS_ROOT}/../../node_modules/react-native-vector-icons/Fonts/Octicons.ttf",
				"${PODS_ROOT}/../../node_modules/react-native-vector-icons/Fonts/SimpleLineIcons.ttf",
				"${PODS_ROOT}/../../node_modules/react-native-vector-icons/Fonts/Zocial.ttf",
			);
			name = "[CP] Copy Pods Resources";
			outputPaths = (
				"${TARGET_BUILD_DIR}/${UNLOCALIZED_RESOURCES_FOLDER_PATH}/AntDesign.ttf",
				"${TARGET_BUILD_DIR}/${UNLOCALIZED_RESOURCES_FOLDER_PATH}/Entypo.ttf",
				"${TARGET_BUILD_DIR}/${UNLOCALIZED_RESOURCES_FOLDER_PATH}/EvilIcons.ttf",
				"${TARGET_BUILD_DIR}/${UNLOCALIZED_RESOURCES_FOLDER_PATH}/Feather.ttf",
				"${TARGET_BUILD_DIR}/${UNLOCALIZED_RESOURCES_FOLDER_PATH}/FontAwesome.ttf",
				"${TARGET_BUILD_DIR}/${UNLOCALIZED_RESOURCES_FOLDER_PATH}/FontAwesome5_Brands.ttf",
				"${TARGET_BUILD_DIR}/${UNLOCALIZED_RESOURCES_FOLDER_PATH}/FontAwesome5_Regular.ttf",
				"${TARGET_BUILD_DIR}/${UNLOCALIZED_RESOURCES_FOLDER_PATH}/FontAwesome5_Solid.ttf",
				"${TARGET_BUILD_DIR}/${UNLOCALIZED_RESOURCES_FOLDER_PATH}/Foundation.ttf",
				"${TARGET_BUILD_DIR}/${UNLOCALIZED_RESOURCES_FOLDER_PATH}/Ionicons.ttf",
				"${TARGET_BUILD_DIR}/${UNLOCALIZED_RESOURCES_FOLDER_PATH}/MaterialCommunityIcons.ttf",
				"${TARGET_BUILD_DIR}/${UNLOCALIZED_RESOURCES_FOLDER_PATH}/MaterialIcons.ttf",
				"${TARGET_BUILD_DIR}/${UNLOCALIZED_RESOURCES_FOLDER_PATH}/Octicons.ttf",
				"${TARGET_BUILD_DIR}/${UNLOCALIZED_RESOURCES_FOLDER_PATH}/SimpleLineIcons.ttf",
				"${TARGET_BUILD_DIR}/${UNLOCALIZED_RESOURCES_FOLDER_PATH}/Zocial.ttf",
			);
			runOnlyForDeploymentPostprocessing = 0;
			shellPath = /bin/sh;
			shellScript = "\"${SRCROOT}/Pods/Target Support Files/Pods-pin/Pods-pin-resources.sh\"\n";
			showEnvVarsInLog = 0;
		};
		E93F41D55E1A4A89A560CB18 /* [CP] Embed Pods Frameworks */ = {
			isa = PBXShellScriptBuildPhase;
			buildActionMask = 2147483647;
			files = (
			);
			inputPaths = (
				"${SRCROOT}/Pods/Target Support Files/Pods-pin/Pods-pin-frameworks.sh",
				"${PODS_ROOT}/Fidel/Fidel.framework",
			);
			name = "[CP] Embed Pods Frameworks";
			outputPaths = (
				"${TARGET_BUILD_DIR}/${FRAMEWORKS_FOLDER_PATH}/Fidel.framework",
			);
			runOnlyForDeploymentPostprocessing = 0;
			shellPath = /bin/sh;
			shellScript = "\"${SRCROOT}/Pods/Target Support Files/Pods-pin/Pods-pin-frameworks.sh\"\n";
			showEnvVarsInLog = 0;
		};
/* End PBXShellScriptBuildPhase section */

/* Begin PBXSourcesBuildPhase section */
		13B07F871A680F5B00A75B9A /* Sources */ = {
			isa = PBXSourcesBuildPhase;
			buildActionMask = 2147483647;
			files = (
				13B07FBC1A68108700A75B9A /* AppDelegate.m in Sources */,
				13B07FC11A68108700A75B9A /* main.m in Sources */,
			);
			runOnlyForDeploymentPostprocessing = 0;
		};
/* End PBXSourcesBuildPhase section */

/* Begin PBXVariantGroup section */
		13B07FB11A68108700A75B9A /* LaunchScreen.xib */ = {
			isa = PBXVariantGroup;
			children = (
				13B07FB21A68108700A75B9A /* Base */,
			);
			name = LaunchScreen.xib;
			path = pin;
			sourceTree = "<group>";
		};
/* End PBXVariantGroup section */

/* Begin XCBuildConfiguration section */
		13B07F941A680F5B00A75B9A /* Debug */ = {
			isa = XCBuildConfiguration;
			baseConfigurationReference = 3556C74D872651A8BB36C27B /* Pods-pin.debug.xcconfig */;
			buildSettings = {
				ASSETCATALOG_COMPILER_APPICON_NAME = AppIcon;
				CODE_SIGN_ENTITLEMENTS = pin/pin.entitlements;
				CODE_SIGN_IDENTITY = "iPhone Distribution";
				CODE_SIGN_STYLE = Manual;
				CURRENT_PROJECT_VERSION = 4;
				DEAD_CODE_STRIPPING = NO;
				DEVELOPMENT_TEAM = 2H8YQTR9TX;
				HEADER_SEARCH_PATHS = (
					"$(inherited)",
					"$(SRCROOT)/../node_modules/react-native-fetch-blob/ios/**",
					"$(SRCROOT)/../node_modules/react-native-fast-image/ios/FastImage",
				);
				INFOPLIST_FILE = pin/Info.plist;
				LD_RUNPATH_SEARCH_PATHS = "$(inherited) @executable_path/Frameworks";
				MARKETING_VERSION = 1.0.1;
				OTHER_LDFLAGS = (
					"$(inherited)",
					"-ObjC",
					"-lc++",
				);
				PRODUCT_BUNDLE_IDENTIFIER = ecosystem.com.app;
				PRODUCT_NAME = Ecosystem;
				PROVISIONING_PROFILE_SPECIFIER = Ecosystem;
				VERSIONING_SYSTEM = "apple-generic";
			};
			name = Debug;
		};
		13B07F951A680F5B00A75B9A /* Release */ = {
			isa = XCBuildConfiguration;
			baseConfigurationReference = 83950A052367AA92D12B625D /* Pods-pin.release.xcconfig */;
			buildSettings = {
				ASSETCATALOG_COMPILER_APPICON_NAME = AppIcon;
				CODE_SIGN_ENTITLEMENTS = pin/pin.entitlements;
				CODE_SIGN_IDENTITY = "Apple Development";
				CODE_SIGN_STYLE = Automatic;
				CURRENT_PROJECT_VERSION = 4;
				DEVELOPMENT_TEAM = 2H8YQTR9TX;
				HEADER_SEARCH_PATHS = (
					"$(inherited)",
					"$(SRCROOT)/../node_modules/react-native-fetch-blob/ios/**",
					"$(SRCROOT)/../node_modules/react-native-fast-image/ios/FastImage",
				);
				INFOPLIST_FILE = pin/Info.plist;
				LD_RUNPATH_SEARCH_PATHS = "$(inherited) @executable_path/Frameworks";
				MARKETING_VERSION = 1.0.1;
				OTHER_LDFLAGS = (
					"$(inherited)",
					"-ObjC",
					"-lc++",
				);
				PRODUCT_BUNDLE_IDENTIFIER = ecosystem.com.app;
				PRODUCT_NAME = Ecosystem;
				PROVISIONING_PROFILE_SPECIFIER = "";
				VERSIONING_SYSTEM = "apple-generic";
			};
			name = Release;
		};
		83CBBA201A601CBA00E9B192 /* Debug */ = {
			isa = XCBuildConfiguration;
			buildSettings = {
				ALWAYS_SEARCH_USER_PATHS = NO;
				CLANG_CXX_LANGUAGE_STANDARD = "gnu++0x";
				CLANG_CXX_LIBRARY = "libc++";
				CLANG_ENABLE_MODULES = YES;
				CLANG_ENABLE_OBJC_ARC = YES;
				CLANG_WARN_BLOCK_CAPTURE_AUTORELEASING = YES;
				CLANG_WARN_BOOL_CONVERSION = YES;
				CLANG_WARN_COMMA = YES;
				CLANG_WARN_CONSTANT_CONVERSION = YES;
				CLANG_WARN_DEPRECATED_OBJC_IMPLEMENTATIONS = YES;
				CLANG_WARN_DIRECT_OBJC_ISA_USAGE = YES_ERROR;
				CLANG_WARN_EMPTY_BODY = YES;
				CLANG_WARN_ENUM_CONVERSION = YES;
				CLANG_WARN_INFINITE_RECURSION = YES;
				CLANG_WARN_INT_CONVERSION = YES;
				CLANG_WARN_NON_LITERAL_NULL_CONVERSION = YES;
				CLANG_WARN_OBJC_IMPLICIT_RETAIN_SELF = YES;
				CLANG_WARN_OBJC_LITERAL_CONVERSION = YES;
				CLANG_WARN_OBJC_ROOT_CLASS = YES_ERROR;
				CLANG_WARN_RANGE_LOOP_ANALYSIS = YES;
				CLANG_WARN_STRICT_PROTOTYPES = YES;
				CLANG_WARN_SUSPICIOUS_MOVE = YES;
				CLANG_WARN_UNREACHABLE_CODE = YES;
				CLANG_WARN__DUPLICATE_METHOD_MATCH = YES;
				"CODE_SIGN_IDENTITY[sdk=iphoneos*]" = "iPhone Developer";
				COPY_PHASE_STRIP = NO;
				ENABLE_STRICT_OBJC_MSGSEND = YES;
				ENABLE_TESTABILITY = YES;
				GCC_C_LANGUAGE_STANDARD = gnu99;
				GCC_DYNAMIC_NO_PIC = NO;
				GCC_NO_COMMON_BLOCKS = YES;
				GCC_OPTIMIZATION_LEVEL = 0;
				GCC_PREPROCESSOR_DEFINITIONS = (
					"DEBUG=1",
					"$(inherited)",
				);
				GCC_SYMBOLS_PRIVATE_EXTERN = NO;
				GCC_WARN_64_TO_32_BIT_CONVERSION = YES;
				GCC_WARN_ABOUT_RETURN_TYPE = YES_ERROR;
				GCC_WARN_UNDECLARED_SELECTOR = YES;
				GCC_WARN_UNINITIALIZED_AUTOS = YES_AGGRESSIVE;
				GCC_WARN_UNUSED_FUNCTION = YES;
				GCC_WARN_UNUSED_VARIABLE = YES;
				IPHONEOS_DEPLOYMENT_TARGET = 9.0;
				MTL_ENABLE_DEBUG_INFO = YES;
				ONLY_ACTIVE_ARCH = YES;
				SDKROOT = iphoneos;
			};
			name = Debug;
		};
		83CBBA211A601CBA00E9B192 /* Release */ = {
			isa = XCBuildConfiguration;
			buildSettings = {
				ALWAYS_SEARCH_USER_PATHS = NO;
				CLANG_CXX_LANGUAGE_STANDARD = "gnu++0x";
				CLANG_CXX_LIBRARY = "libc++";
				CLANG_ENABLE_MODULES = YES;
				CLANG_ENABLE_OBJC_ARC = YES;
				CLANG_WARN_BLOCK_CAPTURE_AUTORELEASING = YES;
				CLANG_WARN_BOOL_CONVERSION = YES;
				CLANG_WARN_COMMA = YES;
				CLANG_WARN_CONSTANT_CONVERSION = YES;
				CLANG_WARN_DEPRECATED_OBJC_IMPLEMENTATIONS = YES;
				CLANG_WARN_DIRECT_OBJC_ISA_USAGE = YES_ERROR;
				CLANG_WARN_EMPTY_BODY = YES;
				CLANG_WARN_ENUM_CONVERSION = YES;
				CLANG_WARN_INFINITE_RECURSION = YES;
				CLANG_WARN_INT_CONVERSION = YES;
				CLANG_WARN_NON_LITERAL_NULL_CONVERSION = YES;
				CLANG_WARN_OBJC_IMPLICIT_RETAIN_SELF = YES;
				CLANG_WARN_OBJC_LITERAL_CONVERSION = YES;
				CLANG_WARN_OBJC_ROOT_CLASS = YES_ERROR;
				CLANG_WARN_RANGE_LOOP_ANALYSIS = YES;
				CLANG_WARN_STRICT_PROTOTYPES = YES;
				CLANG_WARN_SUSPICIOUS_MOVE = YES;
				CLANG_WARN_UNREACHABLE_CODE = YES;
				CLANG_WARN__DUPLICATE_METHOD_MATCH = YES;
				"CODE_SIGN_IDENTITY[sdk=iphoneos*]" = "iPhone Developer";
				COPY_PHASE_STRIP = YES;
				ENABLE_NS_ASSERTIONS = NO;
				ENABLE_STRICT_OBJC_MSGSEND = YES;
				GCC_C_LANGUAGE_STANDARD = gnu99;
				GCC_NO_COMMON_BLOCKS = YES;
				GCC_WARN_64_TO_32_BIT_CONVERSION = YES;
				GCC_WARN_ABOUT_RETURN_TYPE = YES_ERROR;
				GCC_WARN_UNDECLARED_SELECTOR = YES;
				GCC_WARN_UNINITIALIZED_AUTOS = YES_AGGRESSIVE;
				GCC_WARN_UNUSED_FUNCTION = YES;
				GCC_WARN_UNUSED_VARIABLE = YES;
				IPHONEOS_DEPLOYMENT_TARGET = 9.0;
				MTL_ENABLE_DEBUG_INFO = NO;
				SDKROOT = iphoneos;
				VALIDATE_PRODUCT = YES;
			};
			name = Release;
		};
/* End XCBuildConfiguration section */

/* Begin XCConfigurationList section */
		13B07F931A680F5B00A75B9A /* Build configuration list for PBXNativeTarget "pin" */ = {
			isa = XCConfigurationList;
			buildConfigurations = (
				13B07F941A680F5B00A75B9A /* Debug */,
				13B07F951A680F5B00A75B9A /* Release */,
			);
			defaultConfigurationIsVisible = 0;
			defaultConfigurationName = Release;
		};
		83CBB9FA1A601CBA00E9B192 /* Build configuration list for PBXProject "pin" */ = {
			isa = XCConfigurationList;
			buildConfigurations = (
				83CBBA201A601CBA00E9B192 /* Debug */,
				83CBBA211A601CBA00E9B192 /* Release */,
			);
			defaultConfigurationIsVisible = 0;
			defaultConfigurationName = Release;
		};
/* End XCConfigurationList section */
	};
	rootObject = 83CBB9F71A601CBA00E9B192 /* Project object */;
}
